
Microsoft Visual Studio Solution File, Format Version 12.00
# Visual Studio 15
VisualStudioVersion = 15.0.27130.2003
MinimumVisualStudioVersion = 10.0.40219.1
Project("{FAE04EC0-301F-11D3-BF4B-00C04F79EFBC}") = "VetClinic", "VetClinic\VetClinic.csproj", "{7FF6123E-A035-43C7-A0A6-2FCA4E9BC72A}"
EndProject
Project("{FAE04EC0-301F-11D3-BF4B-00C04F79EFBC}") = "DataModel", "DataModel\DataModel.csproj", "{8BDC106A-E4AA-4AE1-AD35-9CF28DFA34A8}"
EndProject
Project("{FAE04EC0-301F-11D3-BF4B-00C04F79EFBC}") = "DataAccess", "DataAccess\DataAccess.csproj", "{65BC0CCD-66D7-4114-BE0B-637DD4A6DD91}"
EndProject
Global
	GlobalSection(SolutionConfigurationPlatforms) = preSolution
		Debug|Any CPU = Debug|Any CPU
		Release|Any CPU = Release|Any CPU
	EndGlobalSection
	GlobalSection(ProjectConfigurationPlatforms) = postSolution
		{7FF6123E-A035-43C7-A0A6-2FCA4E9BC72A}.Debug|Any CPU.ActiveCfg = Debug|Any CPU
		{7FF6123E-A035-43C7-A0A6-2FCA4E9BC72A}.Debug|Any CPU.Build.0 = Debug|Any CPU
		{7FF6123E-A035-43C7-A0A6-2FCA4E9BC72A}.Release|Any CPU.ActiveCfg = Release|Any CPU
		{7FF6123E-A035-43C7-A0A6-2FCA4E9BC72A}.Release|Any CPU.Build.0 = Release|Any CPU
		{8BDC106A-E4AA-4AE1-AD35-9CF28DFA34A8}.Debug|Any CPU.ActiveCfg = Debug|Any CPU
		{8BDC106A-E4AA-4AE1-AD35-9CF28DFA34A8}.Debug|Any CPU.Build.0 = Debug|Any CPU
		{8BDC106A-E4AA-4AE1-AD35-9CF28DFA34A8}.Release|Any CPU.ActiveCfg = Release|Any CPU
		{8BDC106A-E4AA-4AE1-AD35-9CF28DFA34A8}.Release|Any CPU.Build.0 = Release|Any CPU
		{65BC0CCD-66D7-4114-BE0B-637DD4A6DD91}.Debug|Any CPU.ActiveCfg = Debug|Any CPU
		{65BC0CCD-66D7-4114-BE0B-637DD4A6DD91}.Debug|Any CPU.Build.0 = Debug|Any CPU
		{65BC0CCD-66D7-4114-BE0B-637DD4A6DD91}.Release|Any CPU.ActiveCfg = Release|Any CPU
		{65BC0CCD-66D7-4114-BE0B-637DD4A6DD91}.Release|Any CPU.Build.0 = Release|Any CPU
	EndGlobalSection
	GlobalSection(SolutionProperties) = preSolution
		HideSolutionNode = FALSE
	EndGlobalSection
	GlobalSection(ExtensibilityGlobals) = postSolution
		SolutionGuid = {9C916C1C-B687-44B7-8792-EDD4148BBE7F}
	EndGlobalSection
EndGlobal
